
Microsoft Visual Studio Solution File, Format Version 12.00
# Visual Studio Version 16
VisualStudioVersion = 16.0.31515.178
MinimumVisualStudioVersion = 10.0.40219.1
Project("{FAE04EC0-301F-11D3-BF4B-00C04F79EFBC}") = "Monety", "Monety\Monety.csproj", "{02CB85B1-FAD3-482D-BBAB-0163A49E8712}"
EndProject
Global
	GlobalSection(SolutionConfigurationPlatforms) = preSolution
		Debug|Any CPU = Debug|Any CPU
		Release|Any CPU = Release|Any CPU
	EndGlobalSection
	GlobalSection(ProjectConfigurationPlatforms) = postSolution
		{02CB85B1-FAD3-482D-BBAB-0163A49E8712}.Debug|Any CPU.ActiveCfg = Debug|Any CPU
		{02CB85B1-FAD3-482D-BBAB-0163A49E8712}.Debug|Any CPU.Build.0 = Debug|Any CPU
		{02CB85B1-FAD3-482D-BBAB-0163A49E8712}.Release|Any CPU.ActiveCfg = Release|Any CPU
		{02CB85B1-FAD3-482D-BBAB-0163A49E8712}.Release|Any CPU.Build.0 = Release|Any CPU
	EndGlobalSection
	GlobalSection(SolutionProperties) = preSolution
		HideSolutionNode = FALSE
	EndGlobalSection
	GlobalSection(ExtensibilityGlobals) = postSolution
		SolutionGuid = {94431ED7-2A13-4DC2-B8FF-DF9E2250C7A2}
	EndGlobalSection
EndGlobal
