
Microsoft Visual Studio Solution File, Format Version 12.00
# Visual Studio Version 16
VisualStudioVersion = 16.0.31515.178
MinimumVisualStudioVersion = 10.0.40219.1
Project("{FAE04EC0-301F-11D3-BF4B-00C04F79EFBC}") = "SVG", "SVG\SVG.csproj", "{CE8FDA79-7509-4685-92B7-229B6162F103}"
EndProject
Global
	GlobalSection(SolutionConfigurationPlatforms) = preSolution
		Debug|Any CPU = Debug|Any CPU
		Release|Any CPU = Release|Any CPU
	EndGlobalSection
	GlobalSection(ProjectConfigurationPlatforms) = postSolution
		{CE8FDA79-7509-4685-92B7-229B6162F103}.Debug|Any CPU.ActiveCfg = Debug|Any CPU
		{CE8FDA79-7509-4685-92B7-229B6162F103}.Debug|Any CPU.Build.0 = Debug|Any CPU
		{CE8FDA79-7509-4685-92B7-229B6162F103}.Release|Any CPU.ActiveCfg = Release|Any CPU
		{CE8FDA79-7509-4685-92B7-229B6162F103}.Release|Any CPU.Build.0 = Release|Any CPU
	EndGlobalSection
	GlobalSection(SolutionProperties) = preSolution
		HideSolutionNode = FALSE
	EndGlobalSection
	GlobalSection(ExtensibilityGlobals) = postSolution
		SolutionGuid = {3732EB5F-BC38-4AC7-85E9-B24EBAA24468}
	EndGlobalSection
EndGlobal
