
Microsoft Visual Studio Solution File, Format Version 12.00
# Visual Studio Version 16
VisualStudioVersion = 16.0.31515.178
MinimumVisualStudioVersion = 10.0.40219.1
Project("{FAE04EC0-301F-11D3-BF4B-00C04F79EFBC}") = "Lekcja25.10", "Lekcja25.10\Lekcja25.10.csproj", "{D33E9095-D81D-4EE4-A8A4-5DDED1581E66}"
EndProject
Global
	GlobalSection(SolutionConfigurationPlatforms) = preSolution
		Debug|Any CPU = Debug|Any CPU
		Release|Any CPU = Release|Any CPU
	EndGlobalSection
	GlobalSection(ProjectConfigurationPlatforms) = postSolution
		{D33E9095-D81D-4EE4-A8A4-5DDED1581E66}.Debug|Any CPU.ActiveCfg = Debug|Any CPU
		{D33E9095-D81D-4EE4-A8A4-5DDED1581E66}.Debug|Any CPU.Build.0 = Debug|Any CPU
		{D33E9095-D81D-4EE4-A8A4-5DDED1581E66}.Release|Any CPU.ActiveCfg = Release|Any CPU
		{D33E9095-D81D-4EE4-A8A4-5DDED1581E66}.Release|Any CPU.Build.0 = Release|Any CPU
	EndGlobalSection
	GlobalSection(SolutionProperties) = preSolution
		HideSolutionNode = FALSE
	EndGlobalSection
	GlobalSection(ExtensibilityGlobals) = postSolution
		SolutionGuid = {96DC0C35-144B-4213-A656-F98364C61440}
	EndGlobalSection
EndGlobal
