
Microsoft Visual Studio Solution File, Format Version 12.00
# Visual Studio Version 16
VisualStudioVersion = 16.0.31829.152
MinimumVisualStudioVersion = 10.0.40219.1
Project("{FAE04EC0-301F-11D3-BF4B-00C04F79EFBC}") = "Lekcja16.12", "Lekcja16.12\Lekcja16.12.csproj", "{69BCF592-9A36-4837-B90A-9261E9F73B33}"
EndProject
Project("{FAE04EC0-301F-11D3-BF4B-00C04F79EFBC}") = "GUI_application", "GUI_application\GUI_application.csproj", "{770B6020-B191-4FD1-94C1-AFB6940CE64C}"
EndProject
Global
	GlobalSection(SolutionConfigurationPlatforms) = preSolution
		Debug|Any CPU = Debug|Any CPU
		Release|Any CPU = Release|Any CPU
	EndGlobalSection
	GlobalSection(ProjectConfigurationPlatforms) = postSolution
		{69BCF592-9A36-4837-B90A-9261E9F73B33}.Debug|Any CPU.ActiveCfg = Debug|Any CPU
		{69BCF592-9A36-4837-B90A-9261E9F73B33}.Debug|Any CPU.Build.0 = Debug|Any CPU
		{69BCF592-9A36-4837-B90A-9261E9F73B33}.Release|Any CPU.ActiveCfg = Release|Any CPU
		{69BCF592-9A36-4837-B90A-9261E9F73B33}.Release|Any CPU.Build.0 = Release|Any CPU
		{770B6020-B191-4FD1-94C1-AFB6940CE64C}.Debug|Any CPU.ActiveCfg = Debug|Any CPU
		{770B6020-B191-4FD1-94C1-AFB6940CE64C}.Debug|Any CPU.Build.0 = Debug|Any CPU
		{770B6020-B191-4FD1-94C1-AFB6940CE64C}.Release|Any CPU.ActiveCfg = Release|Any CPU
		{770B6020-B191-4FD1-94C1-AFB6940CE64C}.Release|Any CPU.Build.0 = Release|Any CPU
	EndGlobalSection
	GlobalSection(SolutionProperties) = preSolution
		HideSolutionNode = FALSE
	EndGlobalSection
	GlobalSection(ExtensibilityGlobals) = postSolution
		SolutionGuid = {1880CA0C-7366-48EF-8ECE-D82A10C7F5E3}
	EndGlobalSection
EndGlobal
