
Microsoft Visual Studio Solution File, Format Version 12.00
# Visual Studio Version 16
VisualStudioVersion = 16.0.31515.178
MinimumVisualStudioVersion = 10.0.40219.1
Project("{FAE04EC0-301F-11D3-BF4B-00C04F79EFBC}") = "Silnia", "Silnia\Silnia.csproj", "{6EE21B6F-641C-420B-B521-9708B94BCA20}"
EndProject
Global
	GlobalSection(SolutionConfigurationPlatforms) = preSolution
		Debug|Any CPU = Debug|Any CPU
		Release|Any CPU = Release|Any CPU
	EndGlobalSection
	GlobalSection(ProjectConfigurationPlatforms) = postSolution
		{6EE21B6F-641C-420B-B521-9708B94BCA20}.Debug|Any CPU.ActiveCfg = Debug|Any CPU
		{6EE21B6F-641C-420B-B521-9708B94BCA20}.Debug|Any CPU.Build.0 = Debug|Any CPU
		{6EE21B6F-641C-420B-B521-9708B94BCA20}.Release|Any CPU.ActiveCfg = Release|Any CPU
		{6EE21B6F-641C-420B-B521-9708B94BCA20}.Release|Any CPU.Build.0 = Release|Any CPU
	EndGlobalSection
	GlobalSection(SolutionProperties) = preSolution
		HideSolutionNode = FALSE
	EndGlobalSection
	GlobalSection(ExtensibilityGlobals) = postSolution
		SolutionGuid = {DA29B83E-FBE1-4E90-A081-9C91E934E77E}
	EndGlobalSection
EndGlobal
