
Microsoft Visual Studio Solution File, Format Version 12.00
# Visual Studio Version 16
VisualStudioVersion = 16.0.31829.152
MinimumVisualStudioVersion = 10.0.40219.1
Project("{FAE04EC0-301F-11D3-BF4B-00C04F79EFBC}") = "Lekcja13.12", "Lekcja13.12\Lekcja13.12.csproj", "{37CC79EC-3925-4766-BB41-BF722C70C97B}"
EndProject
Global
	GlobalSection(SolutionConfigurationPlatforms) = preSolution
		Debug|Any CPU = Debug|Any CPU
		Release|Any CPU = Release|Any CPU
	EndGlobalSection
	GlobalSection(ProjectConfigurationPlatforms) = postSolution
		{37CC79EC-3925-4766-BB41-BF722C70C97B}.Debug|Any CPU.ActiveCfg = Debug|Any CPU
		{37CC79EC-3925-4766-BB41-BF722C70C97B}.Debug|Any CPU.Build.0 = Debug|Any CPU
		{37CC79EC-3925-4766-BB41-BF722C70C97B}.Release|Any CPU.ActiveCfg = Release|Any CPU
		{37CC79EC-3925-4766-BB41-BF722C70C97B}.Release|Any CPU.Build.0 = Release|Any CPU
	EndGlobalSection
	GlobalSection(SolutionProperties) = preSolution
		HideSolutionNode = FALSE
	EndGlobalSection
	GlobalSection(ExtensibilityGlobals) = postSolution
		SolutionGuid = {985796DA-0FB5-4939-881F-56D3570C12B4}
	EndGlobalSection
EndGlobal
