
Microsoft Visual Studio Solution File, Format Version 12.00
# Visual Studio Version 16
VisualStudioVersion = 16.0.31515.178
MinimumVisualStudioVersion = 10.0.40219.1
Project("{FAE04EC0-301F-11D3-BF4B-00C04F79EFBC}") = "Liczby_z_przedzialu", "Liczby_z_przedzialu\Liczby_z_przedzialu.csproj", "{21E9B67E-34C9-4DBB-AF07-D3EEEB3D290A}"
EndProject
Global
	GlobalSection(SolutionConfigurationPlatforms) = preSolution
		Debug|Any CPU = Debug|Any CPU
		Release|Any CPU = Release|Any CPU
	EndGlobalSection
	GlobalSection(ProjectConfigurationPlatforms) = postSolution
		{21E9B67E-34C9-4DBB-AF07-D3EEEB3D290A}.Debug|Any CPU.ActiveCfg = Debug|Any CPU
		{21E9B67E-34C9-4DBB-AF07-D3EEEB3D290A}.Debug|Any CPU.Build.0 = Debug|Any CPU
		{21E9B67E-34C9-4DBB-AF07-D3EEEB3D290A}.Release|Any CPU.ActiveCfg = Release|Any CPU
		{21E9B67E-34C9-4DBB-AF07-D3EEEB3D290A}.Release|Any CPU.Build.0 = Release|Any CPU
	EndGlobalSection
	GlobalSection(SolutionProperties) = preSolution
		HideSolutionNode = FALSE
	EndGlobalSection
	GlobalSection(ExtensibilityGlobals) = postSolution
		SolutionGuid = {E92D66C1-D37E-4DC5-9E53-1F56CE0C40DF}
	EndGlobalSection
EndGlobal
