
Microsoft Visual Studio Solution File, Format Version 12.00
# Visual Studio Version 16
VisualStudioVersion = 16.0.31829.152
MinimumVisualStudioVersion = 10.0.40219.1
Project("{FAE04EC0-301F-11D3-BF4B-00C04F79EFBC}") = "Lekcja07.02Watki", "Lekcja07.02Watki\Lekcja07.02Watki.csproj", "{E5F2D0F9-F3BA-4B58-882B-741D3AD05735}"
EndProject
Global
	GlobalSection(SolutionConfigurationPlatforms) = preSolution
		Debug|Any CPU = Debug|Any CPU
		Release|Any CPU = Release|Any CPU
	EndGlobalSection
	GlobalSection(ProjectConfigurationPlatforms) = postSolution
		{E5F2D0F9-F3BA-4B58-882B-741D3AD05735}.Debug|Any CPU.ActiveCfg = Debug|Any CPU
		{E5F2D0F9-F3BA-4B58-882B-741D3AD05735}.Debug|Any CPU.Build.0 = Debug|Any CPU
		{E5F2D0F9-F3BA-4B58-882B-741D3AD05735}.Release|Any CPU.ActiveCfg = Release|Any CPU
		{E5F2D0F9-F3BA-4B58-882B-741D3AD05735}.Release|Any CPU.Build.0 = Release|Any CPU
	EndGlobalSection
	GlobalSection(SolutionProperties) = preSolution
		HideSolutionNode = FALSE
	EndGlobalSection
	GlobalSection(ExtensibilityGlobals) = postSolution
		SolutionGuid = {1790422E-F5EA-4D9F-BE11-2A26C04AC188}
	EndGlobalSection
EndGlobal
