
Microsoft Visual Studio Solution File, Format Version 12.00
# Visual Studio Version 16
VisualStudioVersion = 16.0.31515.178
MinimumVisualStudioVersion = 10.0.40219.1
Project("{FAE04EC0-301F-11D3-BF4B-00C04F79EFBC}") = "LiczbyWJednejLinii", "LiczbyWJednejLinii\LiczbyWJednejLinii.csproj", "{B1AA4D32-87A9-41F2-B7F6-F84BD3CFB278}"
EndProject
Global
	GlobalSection(SolutionConfigurationPlatforms) = preSolution
		Debug|Any CPU = Debug|Any CPU
		Release|Any CPU = Release|Any CPU
	EndGlobalSection
	GlobalSection(ProjectConfigurationPlatforms) = postSolution
		{B1AA4D32-87A9-41F2-B7F6-F84BD3CFB278}.Debug|Any CPU.ActiveCfg = Debug|Any CPU
		{B1AA4D32-87A9-41F2-B7F6-F84BD3CFB278}.Debug|Any CPU.Build.0 = Debug|Any CPU
		{B1AA4D32-87A9-41F2-B7F6-F84BD3CFB278}.Release|Any CPU.ActiveCfg = Release|Any CPU
		{B1AA4D32-87A9-41F2-B7F6-F84BD3CFB278}.Release|Any CPU.Build.0 = Release|Any CPU
	EndGlobalSection
	GlobalSection(SolutionProperties) = preSolution
		HideSolutionNode = FALSE
	EndGlobalSection
	GlobalSection(ExtensibilityGlobals) = postSolution
		SolutionGuid = {1B428F62-136B-4E6D-BD3E-4CADCB47CEE4}
	EndGlobalSection
EndGlobal
