
Microsoft Visual Studio Solution File, Format Version 12.00
# Visual Studio Version 16
VisualStudioVersion = 16.0.31515.178
MinimumVisualStudioVersion = 10.0.40219.1
Project("{FAE04EC0-301F-11D3-BF4B-00C04F79EFBC}") = "FunkcjaLosujaca", "FunkcjaLosujaca\FunkcjaLosujaca.csproj", "{AFCE3D08-25A3-43F9-A193-68E181BE1E73}"
EndProject
Global
	GlobalSection(SolutionConfigurationPlatforms) = preSolution
		Debug|Any CPU = Debug|Any CPU
		Release|Any CPU = Release|Any CPU
	EndGlobalSection
	GlobalSection(ProjectConfigurationPlatforms) = postSolution
		{AFCE3D08-25A3-43F9-A193-68E181BE1E73}.Debug|Any CPU.ActiveCfg = Debug|Any CPU
		{AFCE3D08-25A3-43F9-A193-68E181BE1E73}.Debug|Any CPU.Build.0 = Debug|Any CPU
		{AFCE3D08-25A3-43F9-A193-68E181BE1E73}.Release|Any CPU.ActiveCfg = Release|Any CPU
		{AFCE3D08-25A3-43F9-A193-68E181BE1E73}.Release|Any CPU.Build.0 = Release|Any CPU
	EndGlobalSection
	GlobalSection(SolutionProperties) = preSolution
		HideSolutionNode = FALSE
	EndGlobalSection
	GlobalSection(ExtensibilityGlobals) = postSolution
		SolutionGuid = {B77F6C78-3BD6-4F02-978B-759331E24BA9}
	EndGlobalSection
EndGlobal
