
Microsoft Visual Studio Solution File, Format Version 12.00
# Visual Studio Version 16
VisualStudioVersion = 16.0.31829.152
MinimumVisualStudioVersion = 10.0.40219.1
Project("{FAE04EC0-301F-11D3-BF4B-00C04F79EFBC}") = "Lekcja30.12", "Lekcja30.12\Lekcja30.12.csproj", "{0479EAB5-B3F0-4624-9D73-6F1B3B5EDACC}"
EndProject
Global
	GlobalSection(SolutionConfigurationPlatforms) = preSolution
		Debug|Any CPU = Debug|Any CPU
		Release|Any CPU = Release|Any CPU
	EndGlobalSection
	GlobalSection(ProjectConfigurationPlatforms) = postSolution
		{0479EAB5-B3F0-4624-9D73-6F1B3B5EDACC}.Debug|Any CPU.ActiveCfg = Debug|Any CPU
		{0479EAB5-B3F0-4624-9D73-6F1B3B5EDACC}.Debug|Any CPU.Build.0 = Debug|Any CPU
		{0479EAB5-B3F0-4624-9D73-6F1B3B5EDACC}.Release|Any CPU.ActiveCfg = Release|Any CPU
		{0479EAB5-B3F0-4624-9D73-6F1B3B5EDACC}.Release|Any CPU.Build.0 = Release|Any CPU
	EndGlobalSection
	GlobalSection(SolutionProperties) = preSolution
		HideSolutionNode = FALSE
	EndGlobalSection
	GlobalSection(ExtensibilityGlobals) = postSolution
		SolutionGuid = {E3D34E7B-BC05-4351-9AC3-4F642FB8C8F6}
	EndGlobalSection
EndGlobal
