
Microsoft Visual Studio Solution File, Format Version 12.00
# Visual Studio Version 16
VisualStudioVersion = 16.0.31515.178
MinimumVisualStudioVersion = 10.0.40219.1
Project("{FAE04EC0-301F-11D3-BF4B-00C04F79EFBC}") = "Koszyk", "Koszyk\Koszyk.csproj", "{0BDF8BA6-3A1E-47D4-8718-0FEEC425EA59}"
EndProject
Global
	GlobalSection(SolutionConfigurationPlatforms) = preSolution
		Debug|Any CPU = Debug|Any CPU
		Release|Any CPU = Release|Any CPU
	EndGlobalSection
	GlobalSection(ProjectConfigurationPlatforms) = postSolution
		{0BDF8BA6-3A1E-47D4-8718-0FEEC425EA59}.Debug|Any CPU.ActiveCfg = Debug|Any CPU
		{0BDF8BA6-3A1E-47D4-8718-0FEEC425EA59}.Debug|Any CPU.Build.0 = Debug|Any CPU
		{0BDF8BA6-3A1E-47D4-8718-0FEEC425EA59}.Release|Any CPU.ActiveCfg = Release|Any CPU
		{0BDF8BA6-3A1E-47D4-8718-0FEEC425EA59}.Release|Any CPU.Build.0 = Release|Any CPU
	EndGlobalSection
	GlobalSection(SolutionProperties) = preSolution
		HideSolutionNode = FALSE
	EndGlobalSection
	GlobalSection(ExtensibilityGlobals) = postSolution
		SolutionGuid = {B817EBFB-644A-4A47-91E2-B89EE98C30AD}
	EndGlobalSection
EndGlobal
