
Microsoft Visual Studio Solution File, Format Version 12.00
# Visual Studio Version 16
VisualStudioVersion = 16.0.31515.178
MinimumVisualStudioVersion = 10.0.40219.1
Project("{FAE04EC0-301F-11D3-BF4B-00C04F79EFBC}") = "Kalkulator", "Kalkulator\Kalkulator.csproj", "{2EC1A983-3362-405A-904E-33074BBE836E}"
EndProject
Global
	GlobalSection(SolutionConfigurationPlatforms) = preSolution
		Debug|Any CPU = Debug|Any CPU
		Release|Any CPU = Release|Any CPU
	EndGlobalSection
	GlobalSection(ProjectConfigurationPlatforms) = postSolution
		{2EC1A983-3362-405A-904E-33074BBE836E}.Debug|Any CPU.ActiveCfg = Debug|Any CPU
		{2EC1A983-3362-405A-904E-33074BBE836E}.Debug|Any CPU.Build.0 = Debug|Any CPU
		{2EC1A983-3362-405A-904E-33074BBE836E}.Release|Any CPU.ActiveCfg = Release|Any CPU
		{2EC1A983-3362-405A-904E-33074BBE836E}.Release|Any CPU.Build.0 = Release|Any CPU
	EndGlobalSection
	GlobalSection(SolutionProperties) = preSolution
		HideSolutionNode = FALSE
	EndGlobalSection
	GlobalSection(ExtensibilityGlobals) = postSolution
		SolutionGuid = {8957DCFF-8F90-434A-B3AB-009EE07A57FB}
	EndGlobalSection
EndGlobal
