
Microsoft Visual Studio Solution File, Format Version 12.00
# Visual Studio Version 16
VisualStudioVersion = 16.0.31515.178
MinimumVisualStudioVersion = 10.0.40219.1
Project("{FAE04EC0-301F-11D3-BF4B-00C04F79EFBC}") = "Lesson_07.09", "Lesson_07.09\Lesson_07.09.csproj", "{917671FF-7481-460D-8D95-49A7C00BD4B1}"
EndProject
Global
	GlobalSection(SolutionConfigurationPlatforms) = preSolution
		Debug|Any CPU = Debug|Any CPU
		Release|Any CPU = Release|Any CPU
	EndGlobalSection
	GlobalSection(ProjectConfigurationPlatforms) = postSolution
		{917671FF-7481-460D-8D95-49A7C00BD4B1}.Debug|Any CPU.ActiveCfg = Debug|Any CPU
		{917671FF-7481-460D-8D95-49A7C00BD4B1}.Debug|Any CPU.Build.0 = Debug|Any CPU
		{917671FF-7481-460D-8D95-49A7C00BD4B1}.Release|Any CPU.ActiveCfg = Release|Any CPU
		{917671FF-7481-460D-8D95-49A7C00BD4B1}.Release|Any CPU.Build.0 = Release|Any CPU
	EndGlobalSection
	GlobalSection(SolutionProperties) = preSolution
		HideSolutionNode = FALSE
	EndGlobalSection
	GlobalSection(ExtensibilityGlobals) = postSolution
		SolutionGuid = {845074C7-ACFB-4333-9DB2-3DD4F4795648}
	EndGlobalSection
EndGlobal
