
Microsoft Visual Studio Solution File, Format Version 12.00
# Visual Studio Version 16
VisualStudioVersion = 16.0.31515.178
MinimumVisualStudioVersion = 10.0.40219.1
Project("{FAE04EC0-301F-11D3-BF4B-00C04F79EFBC}") = "Lekcja01.11", "Lekcja01.11\Lekcja01.11.csproj", "{19329847-83E8-4D57-B75D-BBFAE95F8BEA}"
EndProject
Global
	GlobalSection(SolutionConfigurationPlatforms) = preSolution
		Debug|Any CPU = Debug|Any CPU
		Release|Any CPU = Release|Any CPU
	EndGlobalSection
	GlobalSection(ProjectConfigurationPlatforms) = postSolution
		{19329847-83E8-4D57-B75D-BBFAE95F8BEA}.Debug|Any CPU.ActiveCfg = Debug|Any CPU
		{19329847-83E8-4D57-B75D-BBFAE95F8BEA}.Debug|Any CPU.Build.0 = Debug|Any CPU
		{19329847-83E8-4D57-B75D-BBFAE95F8BEA}.Release|Any CPU.ActiveCfg = Release|Any CPU
		{19329847-83E8-4D57-B75D-BBFAE95F8BEA}.Release|Any CPU.Build.0 = Release|Any CPU
	EndGlobalSection
	GlobalSection(SolutionProperties) = preSolution
		HideSolutionNode = FALSE
	EndGlobalSection
	GlobalSection(ExtensibilityGlobals) = postSolution
		SolutionGuid = {A442A832-7FD4-4E86-B4EC-F5C17B5A3701}
	EndGlobalSection
EndGlobal
