
Microsoft Visual Studio Solution File, Format Version 12.00
# Visual Studio Version 16
VisualStudioVersion = 16.0.31515.178
MinimumVisualStudioVersion = 10.0.40219.1
Project("{FAE04EC0-301F-11D3-BF4B-00C04F79EFBC}") = "Odcinek", "Odcinek\Odcinek.csproj", "{74EA0DDA-0090-4969-8C5C-5B4C4587980C}"
EndProject
Global
	GlobalSection(SolutionConfigurationPlatforms) = preSolution
		Debug|Any CPU = Debug|Any CPU
		Release|Any CPU = Release|Any CPU
	EndGlobalSection
	GlobalSection(ProjectConfigurationPlatforms) = postSolution
		{74EA0DDA-0090-4969-8C5C-5B4C4587980C}.Debug|Any CPU.ActiveCfg = Debug|Any CPU
		{74EA0DDA-0090-4969-8C5C-5B4C4587980C}.Debug|Any CPU.Build.0 = Debug|Any CPU
		{74EA0DDA-0090-4969-8C5C-5B4C4587980C}.Release|Any CPU.ActiveCfg = Release|Any CPU
		{74EA0DDA-0090-4969-8C5C-5B4C4587980C}.Release|Any CPU.Build.0 = Release|Any CPU
	EndGlobalSection
	GlobalSection(SolutionProperties) = preSolution
		HideSolutionNode = FALSE
	EndGlobalSection
	GlobalSection(ExtensibilityGlobals) = postSolution
		SolutionGuid = {3672F8B6-499B-4E45-8631-2A3660980A9F}
	EndGlobalSection
EndGlobal
