
Microsoft Visual Studio Solution File, Format Version 12.00
# Visual Studio Version 16
VisualStudioVersion = 16.0.31515.178
MinimumVisualStudioVersion = 10.0.40219.1
Project("{FAE04EC0-301F-11D3-BF4B-00C04F79EFBC}") = "Kamien,_papier_i_nozyce", "Kamien,_papier_i_nozyce\Kamien,_papier_i_nozyce.csproj", "{71F8E25F-1554-4FE6-B8CE-17135E3AC712}"
EndProject
Global
	GlobalSection(SolutionConfigurationPlatforms) = preSolution
		Debug|Any CPU = Debug|Any CPU
		Release|Any CPU = Release|Any CPU
	EndGlobalSection
	GlobalSection(ProjectConfigurationPlatforms) = postSolution
		{71F8E25F-1554-4FE6-B8CE-17135E3AC712}.Debug|Any CPU.ActiveCfg = Debug|Any CPU
		{71F8E25F-1554-4FE6-B8CE-17135E3AC712}.Debug|Any CPU.Build.0 = Debug|Any CPU
		{71F8E25F-1554-4FE6-B8CE-17135E3AC712}.Release|Any CPU.ActiveCfg = Release|Any CPU
		{71F8E25F-1554-4FE6-B8CE-17135E3AC712}.Release|Any CPU.Build.0 = Release|Any CPU
	EndGlobalSection
	GlobalSection(SolutionProperties) = preSolution
		HideSolutionNode = FALSE
	EndGlobalSection
	GlobalSection(ExtensibilityGlobals) = postSolution
		SolutionGuid = {ABC446BD-9698-4B07-9A21-89E189F72DDA}
	EndGlobalSection
EndGlobal
