
Microsoft Visual Studio Solution File, Format Version 12.00
# Visual Studio Version 16
VisualStudioVersion = 16.0.31829.152
MinimumVisualStudioVersion = 10.0.40219.1
Project("{FAE04EC0-301F-11D3-BF4B-00C04F79EFBC}") = "Lekcja29.12", "Lekcja29.12\Lekcja29.12.csproj", "{1525B311-EA25-433D-98A6-2280D2029A07}"
EndProject
Global
	GlobalSection(SolutionConfigurationPlatforms) = preSolution
		Debug|Any CPU = Debug|Any CPU
		Release|Any CPU = Release|Any CPU
	EndGlobalSection
	GlobalSection(ProjectConfigurationPlatforms) = postSolution
		{1525B311-EA25-433D-98A6-2280D2029A07}.Debug|Any CPU.ActiveCfg = Debug|Any CPU
		{1525B311-EA25-433D-98A6-2280D2029A07}.Debug|Any CPU.Build.0 = Debug|Any CPU
		{1525B311-EA25-433D-98A6-2280D2029A07}.Release|Any CPU.ActiveCfg = Release|Any CPU
		{1525B311-EA25-433D-98A6-2280D2029A07}.Release|Any CPU.Build.0 = Release|Any CPU
	EndGlobalSection
	GlobalSection(SolutionProperties) = preSolution
		HideSolutionNode = FALSE
	EndGlobalSection
	GlobalSection(ExtensibilityGlobals) = postSolution
		SolutionGuid = {3C884806-5870-4FF9-9EBB-ED0CA163D9D5}
	EndGlobalSection
EndGlobal
